{
  "requires": true,
  "lockfileVersion": 1,
  "dependencies": {
    "grad-aicommand": {
      "version": "1.2.0",
      "resolved": "https://registry.npmjs.org/grad-aicommand/-/grad-aicommand-1.2.0.tgz",
      "integrity": "sha512-mJgQq40WGWtUjyLrvF+ja9iOgPfC0qidyWxvhVcBV8o/aAzXwAwRLrM6L7PLoTNcV/6osHgXY05Wp1F16QQuJw=="
    }
  }
}
