{
  "requires": true,
  "lockfileVersion": 1,
  "dependencies": {
    "grad-aicommand": {
      "version": "1.3.0",
      "resolved": "https://registry.npmjs.org/grad-aicommand/-/grad-aicommand-1.3.0.tgz",
      "integrity": "sha512-oIrAeknAz3kHpbxfcbujyy/xMzvaUDxnPWyR5/oKPSL70bvJqV0guLWcq9tCCgOJBZmgLlE5FOWfhEX6/9+sBQ=="
    }
  }
}
